
Microsoft Visual Studio Solution File, Format Version 12.00
# Visual Studio Version 17
VisualStudioVersion = 17.9.34728.123
MinimumVisualStudioVersion = 10.0.40219.1
Project("{2150E333-8FDC-42A3-9474-1A3956D46DE8}") = "src", "src", "{6835EA4C-6DE4-459B-9F41-BF5CAECC2551}"
EndProject
Project("{2150E333-8FDC-42A3-9474-1A3956D46DE8}") = "Solution Items", "Solution Items", "{2485BA9F-8E8B-49C0-A2D3-E67ECA994F57}"
	ProjectSection(SolutionItems) = preProject
		ServiceUrls.txt = ServiceUrls.txt
	EndProjectSection
EndProject
Project("{2150E333-8FDC-42A3-9474-1A3956D46DE8}") = "ApiGateways", "ApiGateways", "{F512975E-6423-490A-A056-034DC033BCBE}"
EndProject
Project("{2150E333-8FDC-42A3-9474-1A3956D46DE8}") = "BuildingBlocks", "BuildingBlocks", "{787E3A29-7521-4D48-B5E4-4FC4EB85A248}"
EndProject
Project("{2150E333-8FDC-42A3-9474-1A3956D46DE8}") = "Services", "Services", "{FBA65333-F973-4E12-9714-EF2E78303C97}"
EndProject
Project("{2150E333-8FDC-42A3-9474-1A3956D46DE8}") = "Clients", "Clients", "{B0078370-A0B9-4813-95BF-037AC5E6D95B}"
EndProject
Project("{2150E333-8FDC-42A3-9474-1A3956D46DE8}") = "WebApiGateway", "WebApiGateway", "{DCC96BE1-C00F-4D9C-A8CA-AEDFFD117007}"
EndProject
Project("{FAE04EC0-301F-11D3-BF4B-00C04F79EFBC}") = "Web.ApiGateway", "src\ApiGateways\WebApiGateway\Web.ApiGateway\Web.ApiGateway.csproj", "{36776C56-264C-4BF9-A1C4-F5267CEC48DA}"
EndProject
Project("{2150E333-8FDC-42A3-9474-1A3956D46DE8}") = "EventBus", "EventBus", "{3974A0E8-5387-4782-9F40-45911A629CD3}"
EndProject
Project("{FAE04EC0-301F-11D3-BF4B-00C04F79EFBC}") = "EventBus.Base", "src\BuildingBlocks\EventBus\EventBus.Base\EventBus.Base.csproj", "{8D036FFA-2AC1-47A4-934D-DFCBDCAB24AD}"
EndProject
Project("{FAE04EC0-301F-11D3-BF4B-00C04F79EFBC}") = "EventBus.Factory", "src\BuildingBlocks\EventBus\EventBus.Factory\EventBus.Factory.csproj", "{7BD77A0E-5FC8-418E-B372-5E3936C06978}"
EndProject
Project("{FAE04EC0-301F-11D3-BF4B-00C04F79EFBC}") = "EventBus.AzureServiceBus", "src\BuildingBlocks\EventBus\EventBus.AzureServiceBus\EventBus.AzureServiceBus.csproj", "{3A110960-4ACB-43E7-A265-24B316A5AA33}"
EndProject
Project("{FAE04EC0-301F-11D3-BF4B-00C04F79EFBC}") = "EventBus.RabbitMQ", "src\BuildingBlocks\EventBus\EventBus.RabbitMQ\EventBus.RabbitMQ.csproj", "{252A68EB-4017-434D-90D5-ACF41595F944}"
EndProject
Project("{2150E333-8FDC-42A3-9474-1A3956D46DE8}") = "BlazorWebApp", "BlazorWebApp", "{86F85DA3-AED7-4AFA-896F-7E763D1D8C07}"
EndProject
Project("{FAE04EC0-301F-11D3-BF4B-00C04F79EFBC}") = "WebApp", "src\Clients\BlazorWebApp\WebApp\WebApp.csproj", "{57531208-AA26-43CE-97C9-64142BFC443C}"
EndProject
Project("{2150E333-8FDC-42A3-9474-1A3956D46DE8}") = "BasketService", "BasketService", "{800EA9D1-3253-403F-8CDD-8E2C71545862}"
EndProject
Project("{FAE04EC0-301F-11D3-BF4B-00C04F79EFBC}") = "BasketService.Api", "src\Services\BasketService\BasketService.Api\BasketService.Api.csproj", "{7B8E4856-8FB3-4E96-9B10-56E89FE30D28}"
EndProject
Project("{2150E333-8FDC-42A3-9474-1A3956D46DE8}") = "CatalogService", "CatalogService", "{C56C9693-41CA-4743-BF07-BBFD85266AC1}"
EndProject
Project("{FAE04EC0-301F-11D3-BF4B-00C04F79EFBC}") = "CatalogService.Api", "src\Services\CatalogService\CatalogService.Api\CatalogService.Api.csproj", "{1DE0A32D-82B1-434A-A282-36BEC85D9EA8}"
EndProject
Project("{2150E333-8FDC-42A3-9474-1A3956D46DE8}") = "IdentityService", "IdentityService", "{2A4C7179-5629-4AE3-A545-BB0CAC51228A}"
EndProject
Project("{FAE04EC0-301F-11D3-BF4B-00C04F79EFBC}") = "IdentityService.Api", "src\Services\IdentityService\IdentityService.Api\IdentityService.Api.csproj", "{90885BE5-655B-4130-8F2B-023714809094}"
EndProject
Project("{2150E333-8FDC-42A3-9474-1A3956D46DE8}") = "NotificationService", "NotificationService", "{58692236-B6B0-4BDD-B0CC-B8A2B0937EDA}"
EndProject
Project("{FAE04EC0-301F-11D3-BF4B-00C04F79EFBC}") = "NotificationService", "src\Services\NotificationService\NotificationService\NotificationService.csproj", "{E034352C-FEAC-45F7-A228-FCB4A6E90C83}"
EndProject
Project("{2150E333-8FDC-42A3-9474-1A3956D46DE8}") = "OrderService", "OrderService", "{7BC3618E-C63C-4323-A2CE-F5BC900A986C}"
EndProject
Project("{FAE04EC0-301F-11D3-BF4B-00C04F79EFBC}") = "OrderService.Domain", "src\Services\OrderService\OrderService.Domain\OrderService.Domain.csproj", "{CC1CC664-37CB-4841-9BA7-26EC01F7D6ED}"
EndProject
Project("{FAE04EC0-301F-11D3-BF4B-00C04F79EFBC}") = "OrderService.Application", "src\Services\OrderService\OrderService.Application\OrderService.Application.csproj", "{3CAB0484-5612-4F10-A6DB-432D0AEE0DF4}"
EndProject
Project("{FAE04EC0-301F-11D3-BF4B-00C04F79EFBC}") = "OrderService.Infrastructure", "src\Services\OrderService\OrderService.Infrastructure\OrderService.Infrastructure.csproj", "{FCED9B26-5599-4E2F-A343-5443397B91D8}"
EndProject
Project("{FAE04EC0-301F-11D3-BF4B-00C04F79EFBC}") = "OrderService.Api", "src\Services\OrderService\OrderService.Api\OrderService.Api.csproj", "{4A75730B-6486-4639-987D-44EAEC8FAFEF}"
EndProject
Project("{2150E333-8FDC-42A3-9474-1A3956D46DE8}") = "PaymentService", "PaymentService", "{C155D4FD-5609-4D34-BFF5-3E8126517222}"
EndProject
Project("{FAE04EC0-301F-11D3-BF4B-00C04F79EFBC}") = "PaymentService.Api", "src\Services\PaymentService\PaymentService.Api\PaymentService.Api.csproj", "{7EA562AB-7761-4589-AE25-5CB521E939CE}"
EndProject
Global
	GlobalSection(SolutionConfigurationPlatforms) = preSolution
		Debug|Any CPU = Debug|Any CPU
		Release|Any CPU = Release|Any CPU
	EndGlobalSection
	GlobalSection(ProjectConfigurationPlatforms) = postSolution
		{36776C56-264C-4BF9-A1C4-F5267CEC48DA}.Debug|Any CPU.ActiveCfg = Debug|Any CPU
		{36776C56-264C-4BF9-A1C4-F5267CEC48DA}.Debug|Any CPU.Build.0 = Debug|Any CPU
		{36776C56-264C-4BF9-A1C4-F5267CEC48DA}.Release|Any CPU.ActiveCfg = Release|Any CPU
		{36776C56-264C-4BF9-A1C4-F5267CEC48DA}.Release|Any CPU.Build.0 = Release|Any CPU
		{8D036FFA-2AC1-47A4-934D-DFCBDCAB24AD}.Debug|Any CPU.ActiveCfg = Debug|Any CPU
		{8D036FFA-2AC1-47A4-934D-DFCBDCAB24AD}.Debug|Any CPU.Build.0 = Debug|Any CPU
		{8D036FFA-2AC1-47A4-934D-DFCBDCAB24AD}.Release|Any CPU.ActiveCfg = Release|Any CPU
		{8D036FFA-2AC1-47A4-934D-DFCBDCAB24AD}.Release|Any CPU.Build.0 = Release|Any CPU
		{7BD77A0E-5FC8-418E-B372-5E3936C06978}.Debug|Any CPU.ActiveCfg = Debug|Any CPU
		{7BD77A0E-5FC8-418E-B372-5E3936C06978}.Debug|Any CPU.Build.0 = Debug|Any CPU
		{7BD77A0E-5FC8-418E-B372-5E3936C06978}.Release|Any CPU.ActiveCfg = Release|Any CPU
		{7BD77A0E-5FC8-418E-B372-5E3936C06978}.Release|Any CPU.Build.0 = Release|Any CPU
		{3A110960-4ACB-43E7-A265-24B316A5AA33}.Debug|Any CPU.ActiveCfg = Debug|Any CPU
		{3A110960-4ACB-43E7-A265-24B316A5AA33}.Debug|Any CPU.Build.0 = Debug|Any CPU
		{3A110960-4ACB-43E7-A265-24B316A5AA33}.Release|Any CPU.ActiveCfg = Release|Any CPU
		{3A110960-4ACB-43E7-A265-24B316A5AA33}.Release|Any CPU.Build.0 = Release|Any CPU
		{252A68EB-4017-434D-90D5-ACF41595F944}.Debug|Any CPU.ActiveCfg = Debug|Any CPU
		{252A68EB-4017-434D-90D5-ACF41595F944}.Debug|Any CPU.Build.0 = Debug|Any CPU
		{252A68EB-4017-434D-90D5-ACF41595F944}.Release|Any CPU.ActiveCfg = Release|Any CPU
		{252A68EB-4017-434D-90D5-ACF41595F944}.Release|Any CPU.Build.0 = Release|Any CPU
		{57531208-AA26-43CE-97C9-64142BFC443C}.Debug|Any CPU.ActiveCfg = Debug|Any CPU
		{57531208-AA26-43CE-97C9-64142BFC443C}.Debug|Any CPU.Build.0 = Debug|Any CPU
		{57531208-AA26-43CE-97C9-64142BFC443C}.Release|Any CPU.ActiveCfg = Release|Any CPU
		{57531208-AA26-43CE-97C9-64142BFC443C}.Release|Any CPU.Build.0 = Release|Any CPU
		{7B8E4856-8FB3-4E96-9B10-56E89FE30D28}.Debug|Any CPU.ActiveCfg = Debug|Any CPU
		{7B8E4856-8FB3-4E96-9B10-56E89FE30D28}.Debug|Any CPU.Build.0 = Debug|Any CPU
		{7B8E4856-8FB3-4E96-9B10-56E89FE30D28}.Release|Any CPU.ActiveCfg = Release|Any CPU
		{7B8E4856-8FB3-4E96-9B10-56E89FE30D28}.Release|Any CPU.Build.0 = Release|Any CPU
		{1DE0A32D-82B1-434A-A282-36BEC85D9EA8}.Debug|Any CPU.ActiveCfg = Debug|Any CPU
		{1DE0A32D-82B1-434A-A282-36BEC85D9EA8}.Debug|Any CPU.Build.0 = Debug|Any CPU
		{1DE0A32D-82B1-434A-A282-36BEC85D9EA8}.Release|Any CPU.ActiveCfg = Release|Any CPU
		{1DE0A32D-82B1-434A-A282-36BEC85D9EA8}.Release|Any CPU.Build.0 = Release|Any CPU
		{90885BE5-655B-4130-8F2B-023714809094}.Debug|Any CPU.ActiveCfg = Debug|Any CPU
		{90885BE5-655B-4130-8F2B-023714809094}.Debug|Any CPU.Build.0 = Debug|Any CPU
		{90885BE5-655B-4130-8F2B-023714809094}.Release|Any CPU.ActiveCfg = Release|Any CPU
		{90885BE5-655B-4130-8F2B-023714809094}.Release|Any CPU.Build.0 = Release|Any CPU
		{E034352C-FEAC-45F7-A228-FCB4A6E90C83}.Debug|Any CPU.ActiveCfg = Debug|Any CPU
		{E034352C-FEAC-45F7-A228-FCB4A6E90C83}.Debug|Any CPU.Build.0 = Debug|Any CPU
		{E034352C-FEAC-45F7-A228-FCB4A6E90C83}.Release|Any CPU.ActiveCfg = Release|Any CPU
		{E034352C-FEAC-45F7-A228-FCB4A6E90C83}.Release|Any CPU.Build.0 = Release|Any CPU
		{CC1CC664-37CB-4841-9BA7-26EC01F7D6ED}.Debug|Any CPU.ActiveCfg = Debug|Any CPU
		{CC1CC664-37CB-4841-9BA7-26EC01F7D6ED}.Debug|Any CPU.Build.0 = Debug|Any CPU
		{CC1CC664-37CB-4841-9BA7-26EC01F7D6ED}.Release|Any CPU.ActiveCfg = Release|Any CPU
		{CC1CC664-37CB-4841-9BA7-26EC01F7D6ED}.Release|Any CPU.Build.0 = Release|Any CPU
		{3CAB0484-5612-4F10-A6DB-432D0AEE0DF4}.Debug|Any CPU.ActiveCfg = Debug|Any CPU
		{3CAB0484-5612-4F10-A6DB-432D0AEE0DF4}.Debug|Any CPU.Build.0 = Debug|Any CPU
		{3CAB0484-5612-4F10-A6DB-432D0AEE0DF4}.Release|Any CPU.ActiveCfg = Release|Any CPU
		{3CAB0484-5612-4F10-A6DB-432D0AEE0DF4}.Release|Any CPU.Build.0 = Release|Any CPU
		{FCED9B26-5599-4E2F-A343-5443397B91D8}.Debug|Any CPU.ActiveCfg = Debug|Any CPU
		{FCED9B26-5599-4E2F-A343-5443397B91D8}.Debug|Any CPU.Build.0 = Debug|Any CPU
		{FCED9B26-5599-4E2F-A343-5443397B91D8}.Release|Any CPU.ActiveCfg = Release|Any CPU
		{FCED9B26-5599-4E2F-A343-5443397B91D8}.Release|Any CPU.Build.0 = Release|Any CPU
		{4A75730B-6486-4639-987D-44EAEC8FAFEF}.Debug|Any CPU.ActiveCfg = Debug|Any CPU
		{4A75730B-6486-4639-987D-44EAEC8FAFEF}.Debug|Any CPU.Build.0 = Debug|Any CPU
		{4A75730B-6486-4639-987D-44EAEC8FAFEF}.Release|Any CPU.ActiveCfg = Release|Any CPU
		{4A75730B-6486-4639-987D-44EAEC8FAFEF}.Release|Any CPU.Build.0 = Release|Any CPU
		{7EA562AB-7761-4589-AE25-5CB521E939CE}.Debug|Any CPU.ActiveCfg = Debug|Any CPU
		{7EA562AB-7761-4589-AE25-5CB521E939CE}.Debug|Any CPU.Build.0 = Debug|Any CPU
		{7EA562AB-7761-4589-AE25-5CB521E939CE}.Release|Any CPU.ActiveCfg = Release|Any CPU
		{7EA562AB-7761-4589-AE25-5CB521E939CE}.Release|Any CPU.Build.0 = Release|Any CPU
	EndGlobalSection
	GlobalSection(SolutionProperties) = preSolution
		HideSolutionNode = FALSE
	EndGlobalSection
	GlobalSection(NestedProjects) = preSolution
		{F512975E-6423-490A-A056-034DC033BCBE} = {6835EA4C-6DE4-459B-9F41-BF5CAECC2551}
		{787E3A29-7521-4D48-B5E4-4FC4EB85A248} = {6835EA4C-6DE4-459B-9F41-BF5CAECC2551}
		{FBA65333-F973-4E12-9714-EF2E78303C97} = {6835EA4C-6DE4-459B-9F41-BF5CAECC2551}
		{B0078370-A0B9-4813-95BF-037AC5E6D95B} = {6835EA4C-6DE4-459B-9F41-BF5CAECC2551}
		{DCC96BE1-C00F-4D9C-A8CA-AEDFFD117007} = {F512975E-6423-490A-A056-034DC033BCBE}
		{36776C56-264C-4BF9-A1C4-F5267CEC48DA} = {DCC96BE1-C00F-4D9C-A8CA-AEDFFD117007}
		{3974A0E8-5387-4782-9F40-45911A629CD3} = {787E3A29-7521-4D48-B5E4-4FC4EB85A248}
		{8D036FFA-2AC1-47A4-934D-DFCBDCAB24AD} = {3974A0E8-5387-4782-9F40-45911A629CD3}
		{7BD77A0E-5FC8-418E-B372-5E3936C06978} = {3974A0E8-5387-4782-9F40-45911A629CD3}
		{3A110960-4ACB-43E7-A265-24B316A5AA33} = {3974A0E8-5387-4782-9F40-45911A629CD3}
		{252A68EB-4017-434D-90D5-ACF41595F944} = {3974A0E8-5387-4782-9F40-45911A629CD3}
		{86F85DA3-AED7-4AFA-896F-7E763D1D8C07} = {B0078370-A0B9-4813-95BF-037AC5E6D95B}
		{57531208-AA26-43CE-97C9-64142BFC443C} = {86F85DA3-AED7-4AFA-896F-7E763D1D8C07}
		{800EA9D1-3253-403F-8CDD-8E2C71545862} = {FBA65333-F973-4E12-9714-EF2E78303C97}
		{7B8E4856-8FB3-4E96-9B10-56E89FE30D28} = {800EA9D1-3253-403F-8CDD-8E2C71545862}
		{C56C9693-41CA-4743-BF07-BBFD85266AC1} = {FBA65333-F973-4E12-9714-EF2E78303C97}
		{1DE0A32D-82B1-434A-A282-36BEC85D9EA8} = {C56C9693-41CA-4743-BF07-BBFD85266AC1}
		{2A4C7179-5629-4AE3-A545-BB0CAC51228A} = {FBA65333-F973-4E12-9714-EF2E78303C97}
		{90885BE5-655B-4130-8F2B-023714809094} = {2A4C7179-5629-4AE3-A545-BB0CAC51228A}
		{58692236-B6B0-4BDD-B0CC-B8A2B0937EDA} = {FBA65333-F973-4E12-9714-EF2E78303C97}
		{E034352C-FEAC-45F7-A228-FCB4A6E90C83} = {58692236-B6B0-4BDD-B0CC-B8A2B0937EDA}
		{7BC3618E-C63C-4323-A2CE-F5BC900A986C} = {FBA65333-F973-4E12-9714-EF2E78303C97}
		{CC1CC664-37CB-4841-9BA7-26EC01F7D6ED} = {7BC3618E-C63C-4323-A2CE-F5BC900A986C}
		{3CAB0484-5612-4F10-A6DB-432D0AEE0DF4} = {7BC3618E-C63C-4323-A2CE-F5BC900A986C}
		{FCED9B26-5599-4E2F-A343-5443397B91D8} = {7BC3618E-C63C-4323-A2CE-F5BC900A986C}
		{4A75730B-6486-4639-987D-44EAEC8FAFEF} = {7BC3618E-C63C-4323-A2CE-F5BC900A986C}
		{C155D4FD-5609-4D34-BFF5-3E8126517222} = {FBA65333-F973-4E12-9714-EF2E78303C97}
		{7EA562AB-7761-4589-AE25-5CB521E939CE} = {C155D4FD-5609-4D34-BFF5-3E8126517222}
	EndGlobalSection
	GlobalSection(ExtensibilityGlobals) = postSolution
		SolutionGuid = {8BFDC284-5A0C-486E-89BC-A82BF5A35074}
	EndGlobalSection
EndGlobal
